
Microsoft Visual Studio Solution File, Format Version 12.00
# Visual Studio Version 16
VisualStudioVersion = 16.0.29519.87
MinimumVisualStudioVersion = 10.0.40219.1
Project("{FAE04EC0-301F-11D3-BF4B-00C04F79EFBC}") = "ConsumerAzure", "ConsumerAzure\ConsumerAzure.csproj", "{F8C81C57-F506-4AC2-A7CB-6714A138F894}"
EndProject
Project("{FAE04EC0-301F-11D3-BF4B-00C04F79EFBC}") = "DataModels", "DataModels\DataModels.csproj", "{1372FD92-3251-46BC-8109-FC2F9222246C}"
EndProject
Global
	GlobalSection(SolutionConfigurationPlatforms) = preSolution
		Debug|Any CPU = Debug|Any CPU
		Release|Any CPU = Release|Any CPU
	EndGlobalSection
	GlobalSection(ProjectConfigurationPlatforms) = postSolution
		{F8C81C57-F506-4AC2-A7CB-6714A138F894}.Debug|Any CPU.ActiveCfg = Debug|Any CPU
		{F8C81C57-F506-4AC2-A7CB-6714A138F894}.Debug|Any CPU.Build.0 = Debug|Any CPU
		{F8C81C57-F506-4AC2-A7CB-6714A138F894}.Release|Any CPU.ActiveCfg = Release|Any CPU
		{F8C81C57-F506-4AC2-A7CB-6714A138F894}.Release|Any CPU.Build.0 = Release|Any CPU
		{1372FD92-3251-46BC-8109-FC2F9222246C}.Debug|Any CPU.ActiveCfg = Debug|Any CPU
		{1372FD92-3251-46BC-8109-FC2F9222246C}.Debug|Any CPU.Build.0 = Debug|Any CPU
		{1372FD92-3251-46BC-8109-FC2F9222246C}.Release|Any CPU.ActiveCfg = Release|Any CPU
		{1372FD92-3251-46BC-8109-FC2F9222246C}.Release|Any CPU.Build.0 = Release|Any CPU
	EndGlobalSection
	GlobalSection(SolutionProperties) = preSolution
		HideSolutionNode = FALSE
	EndGlobalSection
	GlobalSection(ExtensibilityGlobals) = postSolution
		SolutionGuid = {D1713EDE-3D26-478A-A770-2C6013996713}
	EndGlobalSection
EndGlobal
